archive-2020-11-16:
  cmd: podman run -v /home/ebodea/src/COVID-stochastic-fitting/local-run:/root -e
    fdt=2020-11-16 -w /root --rm eamon/2020mif:v20201129 ./pull-current-output-from-date.R
  deps:
  - path: pull-current-output-from-date.R
    md5: 0339128f413f1e51e764fdfee40bf3de
  outs:
  - path: archive/2020-11-16
    md5: 29d1d8c31aa1c46bf239a0fe19a78a93.dir
simulate-2020-11-16:
  cmd: podman run -v /home/ebodea/src/COVID-stochastic-fitting/local-run/..:/root
    -e fdt=2020-11-16 -w /root/local-run --rm eamon/2020mif:v20201129 bash -x ./run-simulations.sh
  deps:
  - path: ../code
    md5: c68d18ce0c7c6c20bda37124603eef59.dir
    size: 6503470
    nfiles: 43
  - path: ../data/us_popsize.rds
    md5: c5f327f08ee2d93a94d9d5cd50fd3a5f
    size: 1061
  - path: archive/2020-11-16
    md5: 29d1d8c31aa1c46bf239a0fe19a78a93.dir
    size: 106162324
    nfiles: 302
  - path: run-simulations.sh
    md5: b6c7991ca7bf56c083b40f0abf43dcf5
    size: 791
  - path: weekly-forecast.R
    md5: 4dce4f609a71c4f800eea72f97b3a97e
    size: 6573
  outs:
  - path: weekly-forecast-simulations/2020-11-16
    md5: 911ca41d09e03a899f749124063a981f.dir
    size: 279040511
    nfiles: 44
format-2020-11-16:
  cmd: podman run -v /home/ebodea/src/COVID-stochastic-fitting/local-run:/root -e
    fdt=2020-11-16 -w /root --rm eamon/2020mif:v20201129 ./format-simulations.R
  deps:
  - path: format-simulations.R
    md5: cfa277dd97c61ad1180e6e2e39e9a4f6
    size: 5151
  - path: weekly-forecast-simulations/2020-11-16
    md5: 911ca41d09e03a899f749124063a981f.dir
    size: 279040511
    nfiles: 44
  outs:
  - path: CEID-compart_mif_li/2020-11-16-CEID-compart_mif_li.csv
    md5: c0f5945e4d781205af44ef88373c2b40
    size: 364572
  - path: CEID-compart_mif_rn/2020-11-16-CEID-compart_mif_rn.csv
    md5: 904449509986fe3c54d1deb4d05bb504
    size: 367124
  - path: CEID-compart_mif_sq/2020-11-16-CEID-compart_mif_sq.csv
    md5: 185222756bce04c986dbcf388e19e501
    size: 365953
evalulate:
  cmd: 'podman run -v /home/ebodea/src/COVID-stochastic-fitting/local-run:/root -w
    /root --rm eamon/2020mif:v20201129 Rscript -e "knitr::spin(\"evaluate-forecasts.R\")" '
  deps:
  - path: CEID-compart_mif_li
    md5: e0e506c804a63d3b85fd72f4e909d5af.dir
    size: 364608
    nfiles: 2
  - path: CEID-compart_mif_rn
    md5: dfed281bf67ca184b22ee68c4805f65c.dir
    size: 367160
    nfiles: 2
  - path: CEID-compart_mif_sq
    md5: 0a3062a271849a86ae6c262ec45d8f6c.dir
    size: 365989
    nfiles: 2
  - path: evaluate-forecasts.R
    md5: 5ba9b6be36ec79882d83779b85c6a04f
    size: 2492
  outs:
  - path: evaluate-forecasts.html
    md5: 7cd1727bd4b70c8652d5184bf0b195fe
    size: 763763
