archive-2020-11-16:
  cmd: podman run -v /home/ebodea/src/COVID-stochastic-fitting/local-run:/root -e
    fdt=2020-11-16 -w /root --rm eamon/2020mif:v20201129 ./pull-current-output-from-date.R
  deps:
  - path: pull-current-output-from-date.R
    md5: 0339128f413f1e51e764fdfee40bf3de
  outs:
  - path: archive/2020-11-16
    md5: 29d1d8c31aa1c46bf239a0fe19a78a93.dir
simulate-2020-11-16:
  cmd: podman run -v /home/ebodea/src/COVID-stochastic-fitting/local-run/..:/root
    -e fdt=2020-11-16 -w /root/local-run --rm eamon/2020mif:v20201129 bash -x ./run-simulations.sh
  deps:
  - path: ../code
    md5: c68d18ce0c7c6c20bda37124603eef59.dir
  - path: ../data/us_popsize.rds
    md5: c5f327f08ee2d93a94d9d5cd50fd3a5f
  - path: archive/2020-11-16
    md5: 29d1d8c31aa1c46bf239a0fe19a78a93.dir
  - path: run-simulations.sh
    md5: b2e4a59ce3d5661bf69842c3b136b214
  - path: weekly-forecast.R
    md5: 4dce4f609a71c4f800eea72f97b3a97e
  outs:
  - path: weekly-forecast-simulations/2020-11-16
    md5: 8d11c292faceaffac18112655a4af67e.dir
format-2020-11-16:
  cmd: podman run -v /home/ebodea/src/COVID-stochastic-fitting/local-run:/root -e
    fdt=2020-11-16 -w /root --rm eamon/2020mif:v20201129 ./format-simulations.R
  deps:
  - path: format-simulations.R
    md5: cfa277dd97c61ad1180e6e2e39e9a4f6
  - path: weekly-forecast-simulations/2020-11-16
    md5: 8d11c292faceaffac18112655a4af67e.dir
  outs:
  - path: CEID-compart_mif_li/2020-11-16-CEID-compart_mif_li.csv
    md5: 299a1809dea8936ee1e40d4c09073dd0
  - path: CEID-compart_mif_rn/2020-11-16-CEID-compart_mif_rn.csv
    md5: fca191cf47f7f304048942132ba9bd5c
  - path: CEID-compart_mif_sq/2020-11-16-CEID-compart_mif_sq.csv
    md5: 9acf11b7e7e92821c8f2131f17d9a36a
evalulate:
  cmd: 'podman run -v /home/ebodea/src/COVID-stochastic-fitting/local-run:/root -w
    /root --rm eamon/2020mif:v20201129 Rscript -e "knitr::spin(\"evaluate-forecasts.R\")" '
  deps:
  - path: CEID-compart_mif_li
    md5: 458bfeb451775dd1aef248f84520daf2.dir
  - path: CEID-compart_mif_rn
    md5: 27135c04157714382e7b40e916250641.dir
  - path: CEID-compart_mif_sq
    md5: 0c4894d6ff0a7a9a7775a8e193263b77.dir
  - path: evaluate-forecasts.R
    md5: 2b003b02799ea5692505b1c1034d5e7f
  outs:
  - path: evaluate-forecasts.html
    md5: cd5a9effad0546838db61b48adce158b
